
Microsoft Visual Studio Solution File, Format Version 12.00
# Visual Studio Version 16
VisualStudioVersion = 16.0.31025.194
MinimumVisualStudioVersion = 10.0.40219.1
Project("{888888A0-9F3D-457C-B088-3A5042F75D52}") = "ödev_1", "ödev_1\ödev_1.pyproj", "{4FECE4C4-AF61-4615-95C2-65E4B4BDF635}"
EndProject
Global
	GlobalSection(SolutionConfigurationPlatforms) = preSolution
		Debug|Any CPU = Debug|Any CPU
		Release|Any CPU = Release|Any CPU
	EndGlobalSection
	GlobalSection(ProjectConfigurationPlatforms) = postSolution
		{4FECE4C4-AF61-4615-95C2-65E4B4BDF635}.Debug|Any CPU.ActiveCfg = Debug|Any CPU
		{4FECE4C4-AF61-4615-95C2-65E4B4BDF635}.Release|Any CPU.ActiveCfg = Release|Any CPU
	EndGlobalSection
	GlobalSection(SolutionProperties) = preSolution
		HideSolutionNode = FALSE
	EndGlobalSection
	GlobalSection(ExtensibilityGlobals) = postSolution
		SolutionGuid = {F011D429-5BA4-4600-8226-681D99EF1772}
	EndGlobalSection
EndGlobal
